{
  "name": "sisadar.github.io",
  "version": "1.0.0",
  "lockfileVersion": 1,
  "requires": true,
  "dependencies": {
    "argparse": {
      "version": "1.0.10",
      "resolved": "https://registry.npmjs.org/argparse/-/argparse-1.0.10.tgz",
      "integrity": "sha512-o5Roy6tNG4SL/FOkCAN6RzjiakZS25RLYFrcMttJqbdd8BWrnA+fGz57iN5Pb06pvBGvl5gQ0B48dJlslXvoTg==",
      "requires": {
        "sprintf-js": "~1.0.2"
      }
    },
    "cliclopts": {
      "version": "1.1.1",
      "resolved": "https://registry.npmjs.org/cliclopts/-/cliclopts-1.1.1.tgz",
      "integrity": "sha512-dJk8y+TJmOy9Kqha0aWN0rwM5E5EQCVjhl2GTz1CrkqzxkQZ26/hyrNmy7lwePdZc4iNcdHL1tTdcIBeNQhmww=="
    },
    "colors": {
      "version": "1.4.0",
      "resolved": "https://registry.npmjs.org/colors/-/colors-1.4.0.tgz",
      "integrity": "sha512-a+UqTh4kgZg/SlGvfbzDHpgRu7AAQOmmqRHJnxhRZICKFUT91brVhNNt58CMWU9PsBbv3PDCZUHbVxuDiH2mtA=="
    },
    "commonmark": {
      "version": "0.21.0",
      "resolved": "https://registry.npmjs.org/commonmark/-/commonmark-0.21.0.tgz",
      "integrity": "sha512-DbmJEJpsx1aSsDzi2mNu42dvtZWNCsrG+J7OD+qhv3InxffHRlpuKZCFoT/kzNBi6MflIHxerUeY6n7Az2yeFg==",
      "requires": {
        "entities": "~ 1.1.1",
        "mdurl": "~ 1.0.0",
        "string.prototype.repeat": "^0.2.0"
      }
    },
    "commonmark-helpers": {
      "version": "0.4.1",
      "resolved": "https://registry.npmjs.org/commonmark-helpers/-/commonmark-helpers-0.4.1.tgz",
      "integrity": "sha512-DGLcVABCUSWJ8aCpe3yG40bnto6pn3cc1TfabV4Iro6tU3QquKn9KaGp/HuCD20o6WCB5u2BetQeO22paOy6qg==",
      "requires": {
        "commonmark": "^0.21.0",
        "ramda": "^0.17.1"
      }
    },
    "conf": {
      "version": "0.11.2",
      "resolved": "https://registry.npmjs.org/conf/-/conf-0.11.2.tgz",
      "integrity": "sha512-R67kIMNnWF0C5kpRjIfjt+kp2jozJLQlbbaM+deYIfc0dOG25v6sQSXh7c+1WcOrytozquBCQRecLIWeJ0j52w==",
      "requires": {
        "dot-prop": "^3.0.0",
        "env-paths": "^0.3.0",
        "mkdirp": "^0.5.1",
        "pkg-up": "^1.0.0"
      }
    },
    "dot-prop": {
      "version": "3.0.0",
      "resolved": "https://registry.npmjs.org/dot-prop/-/dot-prop-3.0.0.tgz",
      "integrity": "sha512-k4ELWeEU3uCcwub7+dWydqQBRjAjkV9L33HjVRG5Xo2QybI6ja/v+4W73SRi8ubCqJz0l9XsTP1NbewfyqaSlw==",
      "requires": {
        "is-obj": "^1.0.0"
      }
    },
    "entities": {
      "version": "1.1.2",
      "resolved": "https://registry.npmjs.org/entities/-/entities-1.1.2.tgz",
      "integrity": "sha512-f2LZMYl1Fzu7YSBKg+RoROelpOaNrcGmE9AZubeDfrCEia483oW4MI4VyFd5VNHIgQ/7qm1I0wUHK1eJnn2y2w=="
    },
    "env-paths": {
      "version": "0.3.1",
      "resolved": "https://registry.npmjs.org/env-paths/-/env-paths-0.3.1.tgz",
      "integrity": "sha512-6FQOivgwgDBwneYq/08gU0oPlR9PfuQHMZlK2k+SgKhJEl/bmSd6zHVZ27PfcAUIxXx+IMh65kT4XahouYclgg=="
    },
    "esprima": {
      "version": "4.0.1",
      "resolved": "https://registry.npmjs.org/esprima/-/esprima-4.0.1.tgz",
      "integrity": "sha512-eGuFFw7Upda+g4p+QHvnW0RyTX/SVeJBDM/gCtMARO0cLuT2HcEKnTPvhjV6aGeqrCB/sbNop0Kszm0jsaWU4A=="
    },
    "find-up": {
      "version": "1.1.2",
      "resolved": "https://registry.npmjs.org/find-up/-/find-up-1.1.2.tgz",
      "integrity": "sha512-jvElSjyuo4EMQGoTwo1uJU5pQMwTW5lS1x05zzfJuTIyLR3zwO27LYrxNg+dlvKpGOuGy/MzBdXh80g0ve5+HA==",
      "requires": {
        "path-exists": "^2.0.0",
        "pinkie-promise": "^2.0.0"
      }
    },
    "front-matter": {
      "version": "2.3.0",
      "resolved": "https://registry.npmjs.org/front-matter/-/front-matter-2.3.0.tgz",
      "integrity": "sha512-+gOIDsGWHVAiWSDfg3vpiHwkOrwO4XNS3YQH5DMmneLEPWzdCAnbSQCtxReF4yPK1nszLvAmLeR2SprnDQDnyQ==",
      "requires": {
        "js-yaml": "^3.10.0"
      }
    },
    "get-md-title": {
      "version": "1.0.4",
      "resolved": "https://registry.npmjs.org/get-md-title/-/get-md-title-1.0.4.tgz",
      "integrity": "sha512-H+temaw3VH043EzOZWFT1GBKQqTeNfln3vP0tBscsjxYPSNCDmTuF5Ggya4DK3E4hjI7MbFW1TxqrQp1+LvHcg==",
      "requires": {
        "commonmark-helpers": "^0.4.0",
        "trim-html-tag": "^1.0.3"
      }
    },
    "is-obj": {
      "version": "1.0.1",
      "resolved": "https://registry.npmjs.org/is-obj/-/is-obj-1.0.1.tgz",
      "integrity": "sha512-l4RyHgRqGN4Y3+9JHVrNqO+tN0rV5My76uW5/nuO4K1b6vw5G8d/cmFjP9tRfEsdhZNt0IFdZuK/c2Vr4Nb+Qg=="
    },
    "js-yaml": {
      "version": "3.14.1",
      "resolved": "https://registry.npmjs.org/js-yaml/-/js-yaml-3.14.1.tgz",
      "integrity": "sha512-okMH7OXXJ7YrN9Ok3/SXrnu4iX9yOk+25nqX4imS2npuvTYDmo/QEZoqwZkYaIDk3jVvBOTOIEgEhaLOynBS9g==",
      "requires": {
        "argparse": "^1.0.7",
        "esprima": "^4.0.0"
      }
    },
    "markdown-to-medium": {
      "version": "1.4.4",
      "resolved": "https://registry.npmjs.org/markdown-to-medium/-/markdown-to-medium-1.4.4.tgz",
      "integrity": "sha512-F93jUxFHPfUe1go5ERO0d0hc0ptR4N1YtMzEJzWSRio83is98YIvlJk2BLWl3LNKQkYf1RFGXS9GwLEcZiGGwA==",
      "requires": {
        "cliclopts": "^1.1.1",
        "colors": "^1.1.2",
        "conf": "^0.11.2",
        "front-matter": "^2.1.0",
        "get-md-title": "^1.0.4",
        "medium-sdk": "0.0.3",
        "minimist": "^1.2.0",
        "open": "0.0.5",
        "xtend": "^4.0.1"
      }
    },
    "mdurl": {
      "version": "1.0.1",
      "resolved": "https://registry.npmjs.org/mdurl/-/mdurl-1.0.1.tgz",
      "integrity": "sha512-/sKlQJCBYVY9Ers9hqzKou4H6V5UWc/M59TH2dvkt+84itfnq7uFOMLpOiOS4ujvHP4etln18fmIxA5R5fll0g=="
    },
    "medium-sdk": {
      "version": "0.0.3",
      "resolved": "https://registry.npmjs.org/medium-sdk/-/medium-sdk-0.0.3.tgz",
      "integrity": "sha512-+/Q6iTGfAy9ZXpwb5OxfFml9ccJFPwMFQcPssEZm+lM/MAHj5zA5jXp0Kisz3qYLZaKxTcuSdb1vmuReroqoUQ=="
    },
    "minimist": {
      "version": "1.2.7",
      "resolved": "https://registry.npmjs.org/minimist/-/minimist-1.2.7.tgz",
      "integrity": "sha512-bzfL1YUZsP41gmu/qjrEk0Q6i2ix/cVeAhbCbqH9u3zYutS1cLg00qhrD0M2MVdCcx4Sc0UpP2eBWo9rotpq6g=="
    },
    "mkdirp": {
      "version": "0.5.6",
      "resolved": "https://registry.npmjs.org/mkdirp/-/mkdirp-0.5.6.tgz",
      "integrity": "sha512-FP+p8RB8OWpF3YZBCrP5gtADmtXApB5AMLn+vdyA+PyxCjrCs00mjyUozssO33cwDeT3wNGdLxJ5M//YqtHAJw==",
      "requires": {
        "minimist": "^1.2.6"
      }
    },
    "open": {
      "version": "0.0.5",
      "resolved": "https://registry.npmjs.org/open/-/open-0.0.5.tgz",
      "integrity": "sha512-+X/dJYLapVO1VbC620DhtNZK9U4/kQVaTQp/Gh7cb6UTLYfGZzzU2ZXkWrOA/wBrf4UqAFwtLqXYTxe4tSnWQQ=="
    },
    "path-exists": {
      "version": "2.1.0",
      "resolved": "https://registry.npmjs.org/path-exists/-/path-exists-2.1.0.tgz",
      "integrity": "sha512-yTltuKuhtNeFJKa1PiRzfLAU5182q1y4Eb4XCJ3PBqyzEDkAZRzBrKKBct682ls9reBVHf9udYLN5Nd+K1B9BQ==",
      "requires": {
        "pinkie-promise": "^2.0.0"
      }
    },
    "pinkie": {
      "version": "2.0.4",
      "resolved": "https://registry.npmjs.org/pinkie/-/pinkie-2.0.4.tgz",
      "integrity": "sha512-MnUuEycAemtSaeFSjXKW/aroV7akBbY+Sv+RkyqFjgAe73F+MR0TBWKBRDkmfWq/HiFmdavfZ1G7h4SPZXaCSg=="
    },
    "pinkie-promise": {
      "version": "2.0.1",
      "resolved": "https://registry.npmjs.org/pinkie-promise/-/pinkie-promise-2.0.1.tgz",
      "integrity": "sha512-0Gni6D4UcLTbv9c57DfxDGdr41XfgUjqWZu492f0cIGr16zDU06BWP/RAEvOuo7CQ0CNjHaLlM59YJJFm3NWlw==",
      "requires": {
        "pinkie": "^2.0.0"
      }
    },
    "pkg-up": {
      "version": "1.0.0",
      "resolved": "https://registry.npmjs.org/pkg-up/-/pkg-up-1.0.0.tgz",
      "integrity": "sha512-L+d849d9lz20hnRpUnWBRXOh+mAvygQpK7UuXiw+6QbPwL55RVgl+G+V936wCzs/6J7fj0pvgLY9OknZ+FqaNA==",
      "requires": {
        "find-up": "^1.0.0"
      }
    },
    "ramda": {
      "version": "0.17.1",
      "resolved": "https://registry.npmjs.org/ramda/-/ramda-0.17.1.tgz",
      "integrity": "sha512-6XwOkewuUOhFWIvc4lonoyaui7nQLrBG9p71N2QTNHkAeKJS+vhEk9D/Cv/v8hRCS7JBLLmtXH0KwcBg2u/nfQ=="
    },
    "sprintf-js": {
      "version": "1.0.3",
      "resolved": "https://registry.npmjs.org/sprintf-js/-/sprintf-js-1.0.3.tgz",
      "integrity": "sha512-D9cPgkvLlV3t3IzL0D0YLvGA9Ahk4PcvVwUbN0dSGr1aP0Nrt4AEnTUbuGvquEC0mA64Gqt1fzirlRs5ibXx8g=="
    },
    "string.prototype.repeat": {
      "version": "0.2.0",
      "resolved": "https://registry.npmjs.org/string.prototype.repeat/-/string.prototype.repeat-0.2.0.tgz",
      "integrity": "sha512-1BH+X+1hSthZFW+X+JaUkjkkUPwIlLEMJBLANN3hOob3RhEk5snLWNECDnYbgn/m5c5JV7Ersu1Yubaf+05cIA=="
    },
    "trim-html-tag": {
      "version": "1.0.5",
      "resolved": "https://registry.npmjs.org/trim-html-tag/-/trim-html-tag-1.0.5.tgz",
      "integrity": "sha512-DUVWEkvR2WhZlQQGob6Wfp2P+LA3iMUM8j3zN2ULbEDdGSFUnQXahx1DNY3opCLutw/eylfS7uSQ5kRugDRKEA==",
      "requires": {
        "ramda": "^0.17.1"
      }
    },
    "xtend": {
      "version": "4.0.2",
      "resolved": "https://registry.npmjs.org/xtend/-/xtend-4.0.2.tgz",
      "integrity": "sha512-LKYU1iAXJXUgAXn9URjiu+MWhyUXHsvfp7mcuYm9dSUKK0/CjtrUwFAxD82/mCWbtLsGjFIad0wIsod4zrTAEQ=="
    }
  }
}
